
Microsoft Visual Studio Solution File, Format Version 12.00
# Visual Studio Version 17
VisualStudioVersion = 17.0.31903.59
MinimumVisualStudioVersion = 10.0.40219.1
Project("{FAE04EC0-301F-11D3-BF4B-00C04F79EFBC}") = "SylviaLib", "SylviaLib\SylviaLib.csproj", "{4BFB2341-57C7-459A-B4BA-27A28A7106EE}"
EndProject
Project("{FAE04EC0-301F-11D3-BF4B-00C04F79EFBC}") = "MyConsole", "MyConsole\MyConsole.csproj", "{BAB401BC-F321-4C93-A1D7-FF86CCCCFE0C}"
EndProject
Global
	GlobalSection(SolutionConfigurationPlatforms) = preSolution
		Debug|Any CPU = Debug|Any CPU
		Release|Any CPU = Release|Any CPU
	EndGlobalSection
	GlobalSection(SolutionProperties) = preSolution
		HideSolutionNode = FALSE
	EndGlobalSection
	GlobalSection(ProjectConfigurationPlatforms) = postSolution
		{4BFB2341-57C7-459A-B4BA-27A28A7106EE}.Debug|Any CPU.ActiveCfg = Debug|Any CPU
		{4BFB2341-57C7-459A-B4BA-27A28A7106EE}.Debug|Any CPU.Build.0 = Debug|Any CPU
		{4BFB2341-57C7-459A-B4BA-27A28A7106EE}.Release|Any CPU.ActiveCfg = Release|Any CPU
		{4BFB2341-57C7-459A-B4BA-27A28A7106EE}.Release|Any CPU.Build.0 = Release|Any CPU
		{BAB401BC-F321-4C93-A1D7-FF86CCCCFE0C}.Debug|Any CPU.ActiveCfg = Debug|Any CPU
		{BAB401BC-F321-4C93-A1D7-FF86CCCCFE0C}.Debug|Any CPU.Build.0 = Debug|Any CPU
		{BAB401BC-F321-4C93-A1D7-FF86CCCCFE0C}.Release|Any CPU.ActiveCfg = Release|Any CPU
		{BAB401BC-F321-4C93-A1D7-FF86CCCCFE0C}.Release|Any CPU.Build.0 = Release|Any CPU
	EndGlobalSection
EndGlobal
